
Microsoft Visual Studio Solution File, Format Version 11.00
# Visual Studio 2010
Project("{8BC9CEB8-8B4A-11D0-8D11-00A0C91BC942}") = "Bitmap_cut", "Bitmap_cut\Bitmap_cut.vcxproj", "{69B937CA-A061-4CB9-91AA-4A8B32881D9D}"
EndProject
Global
	GlobalSection(SolutionConfigurationPlatforms) = preSolution
		Debug|Win32 = Debug|Win32
		Release|Win32 = Release|Win32
	EndGlobalSection
	GlobalSection(ProjectConfigurationPlatforms) = postSolution
		{69B937CA-A061-4CB9-91AA-4A8B32881D9D}.Debug|Win32.ActiveCfg = Debug|Win32
		{69B937CA-A061-4CB9-91AA-4A8B32881D9D}.Debug|Win32.Build.0 = Debug|Win32
		{69B937CA-A061-4CB9-91AA-4A8B32881D9D}.Release|Win32.ActiveCfg = Release|Win32
		{69B937CA-A061-4CB9-91AA-4A8B32881D9D}.Release|Win32.Build.0 = Release|Win32
	EndGlobalSection
	GlobalSection(SolutionProperties) = preSolution
		HideSolutionNode = FALSE
	EndGlobalSection
EndGlobal
